Microsoft Visual Studio Solution File, Format Version 11.00
# Visual Studio 2008

Project("{AA00D7B2-71B6-F617-6EDD-768C9EE859D1}") = "GOOMS_LAST", "Assembly-CSharp.csproj", "{0091CBA6-AF7D-C47D-2B5A-4D14033CACA7}"
EndProject
Global
	GlobalSection(SolutionConfigurationPlatforms) = preSolution
		Debug|Any CPU = Debug|Any CPU
		Release|Any CPU = Release|Any CPU
	EndGlobalSection
	GlobalSection(ProjectConfigurationPlatforms) = postSolution
		{0091CBA6-AF7D-C47D-2B5A-4D14033CACA7}.Debug|Any CPU.ActiveCfg = Debug|Any CPU
		{0091CBA6-AF7D-C47D-2B5A-4D14033CACA7}.Debug|Any CPU.Build.0 = Debug|Any CPU
		{0091CBA6-AF7D-C47D-2B5A-4D14033CACA7}.Release|Any CPU.ActiveCfg = Release|Any CPU
		{0091CBA6-AF7D-C47D-2B5A-4D14033CACA7}.Release|Any CPU.Build.0 = Release|Any CPU
	EndGlobalSection
	GlobalSection(SolutionProperties) = preSolution
		HideSolutionNode = FALSE
	EndGlobalSection
	GlobalSection(MonoDevelopProperties) = preSolution
		StartupItem = Assembly-CSharp.csproj
	EndGlobalSection
EndGlobal
